
Microsoft Visual Studio Solution File, Format Version 12.00
# Visual Studio Version 17
VisualStudioVersion = 17.5.33424.131
MinimumVisualStudioVersion = 10.0.40219.1
Project("{FAE04EC0-301F-11D3-BF4B-00C04F79EFBC}") = "PhotoSearch", "PhotoSearch\PhotoSearch.csproj", "{A7F1B21A-BCB3-42CC-A04D-398C0D19CDD5}"
EndProject
Global
	GlobalSection(SolutionConfigurationPlatforms) = preSolution
		Debug|Any CPU = Debug|Any CPU
		Release|Any CPU = Release|Any CPU
	EndGlobalSection
	GlobalSection(ProjectConfigurationPlatforms) = postSolution
		{A7F1B21A-BCB3-42CC-A04D-398C0D19CDD5}.Debug|Any CPU.ActiveCfg = Debug|Any CPU
		{A7F1B21A-BCB3-42CC-A04D-398C0D19CDD5}.Debug|Any CPU.Build.0 = Debug|Any CPU
		{A7F1B21A-BCB3-42CC-A04D-398C0D19CDD5}.Release|Any CPU.ActiveCfg = Release|Any CPU
		{A7F1B21A-BCB3-42CC-A04D-398C0D19CDD5}.Release|Any CPU.Build.0 = Release|Any CPU
	EndGlobalSection
	GlobalSection(SolutionProperties) = preSolution
		HideSolutionNode = FALSE
	EndGlobalSection
	GlobalSection(ExtensibilityGlobals) = postSolution
		SolutionGuid = {FEF0EE75-4657-4C8D-8B72-900FF7E0DC03}
	EndGlobalSection
EndGlobal
